// !$*UTF8*$!
{
	archiveVersion = 1;
	classes = {
	};
	objectVersion = 46;
	objects = {

/* Begin PBXBuildFile section */
		0195F6211747AD6800F45DB4 /* UIKit.framework in Frameworks */ = {isa = PBXBuildFile; fileRef = 0195F6201747AD6800F45DB4 /* UIKit.framework */; };
		0195F6231747AD6800F45DB4 /* Foundation.framework in Frameworks */ = {isa = PBXBuildFile; fileRef = 0195F6221747AD6800F45DB4 /* Foundation.framework */; };
		0195F6251747AD6800F45DB4 /* CoreGraphics.framework in Frameworks */ = {isa = PBXBuildFile; fileRef = 0195F6241747AD6800F45DB4 /* CoreGraphics.framework */; };
		0195F62B1747AD6800F45DB4 /* InfoPlist.strings in Resources */ = {isa = PBXBuildFile; fileRef = 0195F6291747AD6800F45DB4 /* InfoPlist.strings */; };
		0195F62D1747AD6800F45DB4 /* main.m in Sources */ = {isa = PBXBuildFile; fileRef = 0195F62C1747AD6800F45DB4 /* main.m */; };
		0195F6311747AD6800F45DB4 /* AppDelegate.m in Sources */ = {isa = PBXBuildFile; fileRef = 0195F6301747AD6800F45DB4 /* AppDelegate.m */; };
		0195F6331747AD6800F45DB4 /* Default.png in Resources */ = {isa = PBXBuildFile; fileRef = 0195F6321747AD6800F45DB4 /* Default.png */; };
		0195F6351747AD6800F45DB4 /* Default@2x.png in Resources */ = {isa = PBXBuildFile; fileRef = 0195F6341747AD6800F45DB4 /* Default@2x.png */; };
		0195F6371747AD6800F45DB4 /* Default-568h@2x.png in Resources */ = {isa = PBXBuildFile; fileRef = 0195F6361747AD6800F45DB4 /* Default-568h@2x.png */; };
		0195F63A1747AD6800F45DB4 /* FirstViewController.m in Sources */ = {isa = PBXBuildFile; fileRef = 0195F6391747AD6800F45DB4 /* FirstViewController.m */; };
		0195F63C1747AD6800F45DB4 /* first.png in Resources */ = {isa = PBXBuildFile; fileRef = 0195F63B1747AD6800F45DB4 /* first.png */; };
		0195F63E1747AD6800F45DB4 /* first@2x.png in Resources */ = {isa = PBXBuildFile; fileRef = 0195F63D1747AD6800F45DB4 /* first@2x.png */; };
		0195F6411747AD6800F45DB4 /* SecondViewController.m in Sources */ = {isa = PBXBuildFile; fileRef = 0195F6401747AD6800F45DB4 /* SecondViewController.m */; };
		0195F6431747AD6800F45DB4 /* second.png in Resources */ = {isa = PBXBuildFile; fileRef = 0195F6421747AD6800F45DB4 /* second.png */; };
		0195F6451747AD6800F45DB4 /* second@2x.png in Resources */ = {isa = PBXBuildFile; fileRef = 0195F6441747AD6800F45DB4 /* second@2x.png */; };
		0195F6481747AD6800F45DB4 /* FirstViewController.xib in Resources */ = {isa = PBXBuildFile; fileRef = 0195F6461747AD6800F45DB4 /* FirstViewController.xib */; };
		0195F64B1747AD6900F45DB4 /* SecondViewController.xib in Resources */ = {isa = PBXBuildFile; fileRef = 0195F6491747AD6900F45DB4 /* SecondViewController.xib */; };
/* End PBXBuildFile section */

/* Begin PBXFileReference section */
		0195F61D1747AD6800F45DB4 /* GDataLibTest.app */ = {isa = PBXFileReference; explicitFileType = wrapper.application; includeInIndex = 0; path = GDataLibTest.app; sourceTree = BUILT_PRODUCTS_DIR; };
		0195F6201747AD6800F45DB4 /* UIKit.framework */ = {isa = PBXFileReference; lastKnownFileType = wrapper.framework; name = UIKit.framework; path = System/Library/Frameworks/UIKit.framework; sourceTree = SDKROOT; };
		0195F6221747AD6800F45DB4 /* Foundation.framework */ = {isa = PBXFileReference; lastKnownFileType = wrapper.framework; name = Foundation.framework; path = System/Library/Frameworks/Foundation.framework; sourceTree = SDKROOT; };
		0195F6241747AD6800F45DB4 /* CoreGraphics.framework */ = {isa = PBXFileReference; lastKnownFileType = wrapper.framework; name = CoreGraphics.framework; path = System/Library/Frameworks/CoreGraphics.framework; sourceTree = SDKROOT; };
		0195F6281747AD6800F45DB4 /* GDataLibTest-Info.plist */ = {isa = PBXFileReference; lastKnownFileType = text.plist.xml; path = "GDataLibTest-Info.plist"; sourceTree = "<group>"; };
		0195F62A1747AD6800F45DB4 /* en */ = {isa = PBXFileReference; lastKnownFileType = text.plist.strings; name = en; path = en.lproj/InfoPlist.strings; sourceTree = "<group>"; };
		0195F62C1747AD6800F45DB4 /* main.m */ = {isa = PBXFileReference; lastKnownFileType = sourcecode.c.objc; path = main.m; sourceTree = "<group>"; };
		0195F62E1747AD6800F45DB4 /* GDataLibTest-Prefix.pch */ = {isa = PBXFileReference; lastKnownFileType = sourcecode.c.h; path = "GDataLibTest-Prefix.pch"; sourceTree = "<group>"; };
		0195F62F1747AD6800F45DB4 /* AppDelegate.h */ = {isa = PBXFileReference; lastKnownFileType = sourcecode.c.h; path = AppDelegate.h; sourceTree = "<group>"; };
		0195F6301747AD6800F45DB4 /* AppDelegate.m */ = {isa = PBXFileReference; lastKnownFileType = sourcecode.c.objc; path = AppDelegate.m; sourceTree = "<group>"; };
		0195F6321747AD6800F45DB4 /* Default.png */ = {isa = PBXFileReference; lastKnownFileType = image.png; path = Default.png; sourceTree = "<group>"; };
		0195F6341747AD6800F45DB4 /* Default@2x.png */ = {isa = PBXFileReference; lastKnownFileType = image.png; path = "Default@2x.png"; sourceTree = "<group>"; };
		0195F6361747AD6800F45DB4 /* Default-568h@2x.png */ = {isa = PBXFileReference; lastKnownFileType = image.png; path = "Default-568h@2x.png"; sourceTree = "<group>"; };
		0195F6381747AD6800F45DB4 /* FirstViewController.h */ = {isa = PBXFileReference; lastKnownFileType = sourcecode.c.h; path = FirstViewController.h; sourceTree = "<group>"; };
		0195F6391747AD6800F45DB4 /* FirstViewController.m */ = {isa = PBXFileReference; lastKnownFileType = sourcecode.c.objc; path = FirstViewController.m; sourceTree = "<group>"; };
		0195F63B1747AD6800F45DB4 /* first.png */ = {isa = PBXFileReference; lastKnownFileType = image.png; path = first.png; sourceTree = "<group>"; };
		0195F63D1747AD6800F45DB4 /* first@2x.png */ = {isa = PBXFileReference; lastKnownFileType = image.png; path = "first@2x.png"; sourceTree = "<group>"; };
		0195F63F1747AD6800F45DB4 /* SecondViewController.h */ = {isa = PBXFileReference; lastKnownFileType = sourcecode.c.h; path = SecondViewController.h; sourceTree = "<group>"; };
		0195F6401747AD6800F45DB4 /* SecondViewController.m */ = {isa = PBXFileReference; lastKnownFileType = sourcecode.c.objc; path = SecondViewController.m; sourceTree = "<group>"; };
		0195F6421747AD6800F45DB4 /* second.png */ = {isa = PBXFileReference; lastKnownFileType = image.png; path = second.png; sourceTree = "<group>"; };
		0195F6441747AD6800F45DB4 /* second@2x.png */ = {isa = PBXFileReference; lastKnownFileType = image.png; path = "second@2x.png"; sourceTree = "<group>"; };
		0195F6471747AD6800F45DB4 /* en */ = {isa = PBXFileReference; lastKnownFileType = file.xib; name = en; path = en.lproj/FirstViewController.xib; sourceTree = "<group>"; };
		0195F64A1747AD6900F45DB4 /* en */ = {isa = PBXFileReference; lastKnownFileType = file.xib; name = en; path = en.lproj/SecondViewController.xib; sourceTree = "<group>"; };
/* End PBXFileReference section */

/* Begin PBXFrameworksBuildPhase section */
		0195F61A1747AD6800F45DB4 /* Frameworks */ = {
			isa = PBXFrameworksBuildPhase;
			buildActionMask = 2147483647;
			files = (
				0195F6211747AD6800F45DB4 /* UIKit.framework in Frameworks */,
				0195F6231747AD6800F45DB4 /* Foundation.framework in Frameworks */,
				0195F6251747AD6800F45DB4 /* CoreGraphics.framework in Frameworks */,
			);
			runOnlyForDeploymentPostprocessing = 0;
		};
/* End PBXFrameworksBuildPhase section */

/* Begin PBXGroup section */
		0195F6141747AD6800F45DB4 = {
			isa = PBXGroup;
			children = (
				0195F6261747AD6800F45DB4 /* GDataLibTest */,
				0195F61F1747AD6800F45DB4 /* Frameworks */,
				0195F61E1747AD6800F45DB4 /* Products */,
			);
			sourceTree = "<group>";
		};
		0195F61E1747AD6800F45DB4 /* Products */ = {
			isa = PBXGroup;
			children = (
				0195F61D1747AD6800F45DB4 /* GDataLibTest.app */,
			);
			name = Products;
			sourceTree = "<group>";
		};
		0195F61F1747AD6800F45DB4 /* Frameworks */ = {
			isa = PBXGroup;
			children = (
				0195F6201747AD6800F45DB4 /* UIKit.framework */,
				0195F6221747AD6800F45DB4 /* Foundation.framework */,
				0195F6241747AD6800F45DB4 /* CoreGraphics.framework */,
			);
			name = Frameworks;
			sourceTree = "<group>";
		};
		0195F6261747AD6800F45DB4 /* GDataLibTest */ = {
			isa = PBXGroup;
			children = (
				0195F62F1747AD6800F45DB4 /* AppDelegate.h */,
				0195F6301747AD6800F45DB4 /* AppDelegate.m */,
				0195F6381747AD6800F45DB4 /* FirstViewController.h */,
				0195F6391747AD6800F45DB4 /* FirstViewController.m */,
				0195F63B1747AD6800F45DB4 /* first.png */,
				0195F63D1747AD6800F45DB4 /* first@2x.png */,
				0195F63F1747AD6800F45DB4 /* SecondViewController.h */,
				0195F6401747AD6800F45DB4 /* SecondViewController.m */,
				0195F6421747AD6800F45DB4 /* second.png */,
				0195F6441747AD6800F45DB4 /* second@2x.png */,
				0195F6461747AD6800F45DB4 /* FirstViewController.xib */,
				0195F6491747AD6900F45DB4 /* SecondViewController.xib */,
				0195F6271747AD6800F45DB4 /* Supporting Files */,
			);
			path = GDataLibTest;
			sourceTree = "<group>";
		};
		0195F6271747AD6800F45DB4 /* Supporting Files */ = {
			isa = PBXGroup;
			children = (
				0195F6281747AD6800F45DB4 /* GDataLibTest-Info.plist */,
				0195F6291747AD6800F45DB4 /* InfoPlist.strings */,
				0195F62C1747AD6800F45DB4 /* main.m */,
				0195F62E1747AD6800F45DB4 /* GDataLibTest-Prefix.pch */,
				0195F6321747AD6800F45DB4 /* Default.png */,
				0195F6341747AD6800F45DB4 /* Default@2x.png */,
				0195F6361747AD6800F45DB4 /* Default-568h@2x.png */,
			);
			name = "Supporting Files";
			sourceTree = "<group>";
		};
/* End PBXGroup section */

/* Begin PBXNativeTarget section */
		0195F61C1747AD6800F45DB4 /* GDataLibTest */ = {
			isa = PBXNativeTarget;
			buildConfigurationList = 0195F64E1747AD6900F45DB4 /* Build configuration list for PBXNativeTarget "GDataLibTest" */;
			buildPhases = (
				0195F6191747AD6800F45DB4 /* Sources */,
				0195F61A1747AD6800F45DB4 /* Frameworks */,
				0195F61B1747AD6800F45DB4 /* Resources */,
			);
			buildRules = (
			);
			dependencies = (
			);
			name = GDataLibTest;
			productName = GDataLibTest;
			productReference = 0195F61D1747AD6800F45DB4 /* GDataLibTest.app */;
			productType = "com.apple.product-type.application";
		};
/* End PBXNativeTarget section */

/* Begin PBXProject section */
		0195F6151747AD6800F45DB4 /* Project object */ = {
			isa = PBXProject;
			attributes = {
				LastUpgradeCheck = 0460;
				ORGANIZATIONNAME = LuBannaiuolu;
			};
			buildConfigurationList = 0195F6181747AD6800F45DB4 /* Build configuration list for PBXProject "GDataLibTest" */;
			compatibilityVersion = "Xcode 3.2";
			developmentRegion = English;
			hasScannedForEncodings = 0;
			knownRegions = (
				en,
			);
			mainGroup = 0195F6141747AD6800F45DB4;
			productRefGroup = 0195F61E1747AD6800F45DB4 /* Products */;
			projectDirPath = "";
			projectRoot = "";
			targets = (
				0195F61C1747AD6800F45DB4 /* GDataLibTest */,
			);
		};
/* End PBXProject section */

/* Begin PBXResourcesBuildPhase section */
		0195F61B1747AD6800F45DB4 /* Resources */ = {
			isa = PBXResourcesBuildPhase;
			buildActionMask = 2147483647;
			files = (
				0195F62B1747AD6800F45DB4 /* InfoPlist.strings in Resources */,
				0195F6331747AD6800F45DB4 /* Default.png in Resources */,
				0195F6351747AD6800F45DB4 /* Default@2x.png in Resources */,
				0195F6371747AD6800F45DB4 /* Default-568h@2x.png in Resources */,
				0195F63C1747AD6800F45DB4 /* first.png in Resources */,
				0195F63E1747AD6800F45DB4 /* first@2x.png in Resources */,
				0195F6431747AD6800F45DB4 /* second.png in Resources */,
				0195F6451747AD6800F45DB4 /* second@2x.png in Resources */,
				0195F6481747AD6800F45DB4 /* FirstViewController.xib in Resources */,
				0195F64B1747AD6900F45DB4 /* SecondViewController.xib in Resources */,
			);
			runOnlyForDeploymentPostprocessing = 0;
		};
/* End PBXResourcesBuildPhase section */

/* Begin PBXSourcesBuildPhase section */
		0195F6191747AD6800F45DB4 /* Sources */ = {
			isa = PBXSourcesBuildPhase;
			buildActionMask = 2147483647;
			files = (
				0195F62D1747AD6800F45DB4 /* main.m in Sources */,
				0195F6311747AD6800F45DB4 /* AppDelegate.m in Sources */,
				0195F63A1747AD6800F45DB4 /* FirstViewController.m in Sources */,
				0195F6411747AD6800F45DB4 /* SecondViewController.m in Sources */,
			);
			runOnlyForDeploymentPostprocessing = 0;
		};
/* End PBXSourcesBuildPhase section */

/* Begin PBXVariantGroup section */
		0195F6291747AD6800F45DB4 /* InfoPlist.strings */ = {
			isa = PBXVariantGroup;
			children = (
				0195F62A1747AD6800F45DB4 /* en */,
			);
			name = InfoPlist.strings;
			sourceTree = "<group>";
		};
		0195F6461747AD6800F45DB4 /* FirstViewController.xib */ = {
			isa = PBXVariantGroup;
			children = (
				0195F6471747AD6800F45DB4 /* en */,
			);
			name = FirstViewController.xib;
			sourceTree = "<group>";
		};
		0195F6491747AD6900F45DB4 /* SecondViewController.xib */ = {
			isa = PBXVariantGroup;
			children = (
				0195F64A1747AD6900F45DB4 /* en */,
			);
			name = SecondViewController.xib;
			sourceTree = "<group>";
		};
/* End PBXVariantGroup section */

/* Begin XCBuildConfiguration section */
		0195F64C1747AD6900F45DB4 /* Debug */ = {
			isa = XCBuildConfiguration;
			buildSettings = {
				ALWAYS_SEARCH_USER_PATHS = NO;
				CLANG_CXX_LANGUAGE_STANDARD = "gnu++0x";
				CLANG_CXX_LIBRARY = "libc++";
				CLANG_WARN_CONSTANT_CONVERSION = YES;
				CLANG_WARN_EMPTY_BODY = YES;
				CLANG_WARN_ENUM_CONVERSION = YES;
				CLANG_WARN_INT_CONVERSION = YES;
				CLANG_WARN__DUPLICATE_METHOD_MATCH = YES;
				"CODE_SIGN_IDENTITY[sdk=iphoneos*]" = "iPhone Developer";
				COPY_PHASE_STRIP = NO;
				GCC_C_LANGUAGE_STANDARD = gnu99;
				GCC_DYNAMIC_NO_PIC = NO;
				GCC_OPTIMIZATION_LEVEL = 0;
				GCC_PREPROCESSOR_DEFINITIONS = (
					"DEBUG=1",
					"$(inherited)",
				);
				GCC_SYMBOLS_PRIVATE_EXTERN = NO;
				GCC_WARN_ABOUT_RETURN_TYPE = YES;
				GCC_WARN_UNINITIALIZED_AUTOS = YES;
				GCC_WARN_UNUSED_VARIABLE = YES;
				IPHONEOS_DEPLOYMENT_TARGET = 6.1;
				ONLY_ACTIVE_ARCH = YES;
				SDKROOT = iphoneos;
			};
			name = Debug;
		};
		0195F64D1747AD6900F45DB4 /* Release */ = {
			isa = XCBuildConfiguration;
			buildSettings = {
				ALWAYS_SEARCH_USER_PATHS = NO;
				CLANG_CXX_LANGUAGE_STANDARD = "gnu++0x";
				CLANG_CXX_LIBRARY = "libc++";
				CLANG_WARN_CONSTANT_CONVERSION = YES;
				CLANG_WARN_EMPTY_BODY = YES;
				CLANG_WARN_ENUM_CONVERSION = YES;
				CLANG_WARN_INT_CONVERSION = YES;
				CLANG_WARN__DUPLICATE_METHOD_MATCH = YES;
				"CODE_SIGN_IDENTITY[sdk=iphoneos*]" = "iPhone Developer";
				COPY_PHASE_STRIP = YES;
				GCC_C_LANGUAGE_STANDARD = gnu99;
				GCC_WARN_ABOUT_RETURN_TYPE = YES;
				GCC_WARN_UNINITIALIZED_AUTOS = YES;
				GCC_WARN_UNUSED_VARIABLE = YES;
				IPHONEOS_DEPLOYMENT_TARGET = 6.1;
				OTHER_CFLAGS = "-DNS_BLOCK_ASSERTIONS=1";
				SDKROOT = iphoneos;
				VALIDATE_PRODUCT = YES;
			};
			name = Release;
		};
		0195F64F1747AD6900F45DB4 /* Debug */ = {
			isa = XCBuildConfiguration;
			buildSettings = {
				GCC_PRECOMPILE_PREFIX_HEADER = YES;
				GCC_PREFIX_HEADER = "GDataLibTest/GDataLibTest-Prefix.pch";
				INFOPLIST_FILE = "GDataLibTest/GDataLibTest-Info.plist";
				PRODUCT_NAME = "$(TARGET_NAME)";
				WRAPPER_EXTENSION = app;
			};
			name = Debug;
		};
		0195F6501747AD6900F45DB4 /* Release */ = {
			isa = XCBuildConfiguration;
			buildSettings = {
				GCC_PRECOMPILE_PREFIX_HEADER = YES;
				GCC_PREFIX_HEADER = "GDataLibTest/GDataLibTest-Prefix.pch";
				INFOPLIST_FILE = "GDataLibTest/GDataLibTest-Info.plist";
				PRODUCT_NAME = "$(TARGET_NAME)";
				WRAPPER_EXTENSION = app;
			};
			name = Release;
		};
/* End XCBuildConfiguration section */

/* Begin XCConfigurationList section */
		0195F6181747AD6800F45DB4 /* Build configuration list for PBXProject "GDataLibTest" */ = {
			isa = XCConfigurationList;
			buildConfigurations = (
				0195F64C1747AD6900F45DB4 /* Debug */,
				0195F64D1747AD6900F45DB4 /* Release */,
			);
			defaultConfigurationIsVisible = 0;
			defaultConfigurationName = Release;
		};
		0195F64E1747AD6900F45DB4 /* Build configuration list for PBXNativeTarget "GDataLibTest" */ = {
			isa = XCConfigurationList;
			buildConfigurations = (
				0195F64F1747AD6900F45DB4 /* Debug */,
				0195F6501747AD6900F45DB4 /* Release */,
			);
			defaultConfigurationIsVisible = 0;
		};
/* End XCConfigurationList section */
	};
	rootObject = 0195F6151747AD6800F45DB4 /* Project object */;
}
